
Microsoft Visual Studio Solution File, Format Version 12.00
# Visual Studio Version 17
VisualStudioVersion = 17.0.31903.59
MinimumVisualStudioVersion = 10.0.40219.1
Project("{FAE04EC0-301F-11D3-BF4B-00C04F79EFBC}") = "Library", "Library\Library.csproj", "{88AB4565-49A4-4B46-B02A-6D23D964B7CD}"
EndProject
Project("{FAE04EC0-301F-11D3-BF4B-00C04F79EFBC}") = "Test", "Test\Test.csproj", "{E6AEE49B-26ED-431E-A5BA-5EF34F91136E}"
EndProject
Project("{FAE04EC0-301F-11D3-BF4B-00C04F79EFBC}") = "Cli", "Cli\Cli.csproj", "{4BFABDC5-D1C4-4535-86B5-F837EF285620}"
EndProject
Global
	GlobalSection(SolutionConfigurationPlatforms) = preSolution
		Debug|Any CPU = Debug|Any CPU
		Release|Any CPU = Release|Any CPU
	EndGlobalSection
	GlobalSection(SolutionProperties) = preSolution
		HideSolutionNode = FALSE
	EndGlobalSection
	GlobalSection(ProjectConfigurationPlatforms) = postSolution
		{88AB4565-49A4-4B46-B02A-6D23D964B7CD}.Debug|Any CPU.ActiveCfg = Debug|Any CPU
		{88AB4565-49A4-4B46-B02A-6D23D964B7CD}.Debug|Any CPU.Build.0 = Debug|Any CPU
		{88AB4565-49A4-4B46-B02A-6D23D964B7CD}.Release|Any CPU.ActiveCfg = Release|Any CPU
		{88AB4565-49A4-4B46-B02A-6D23D964B7CD}.Release|Any CPU.Build.0 = Release|Any CPU
		{E6AEE49B-26ED-431E-A5BA-5EF34F91136E}.Debug|Any CPU.ActiveCfg = Debug|Any CPU
		{E6AEE49B-26ED-431E-A5BA-5EF34F91136E}.Debug|Any CPU.Build.0 = Debug|Any CPU
		{E6AEE49B-26ED-431E-A5BA-5EF34F91136E}.Release|Any CPU.ActiveCfg = Release|Any CPU
		{E6AEE49B-26ED-431E-A5BA-5EF34F91136E}.Release|Any CPU.Build.0 = Release|Any CPU
		{4BFABDC5-D1C4-4535-86B5-F837EF285620}.Debug|Any CPU.ActiveCfg = Debug|Any CPU
		{4BFABDC5-D1C4-4535-86B5-F837EF285620}.Debug|Any CPU.Build.0 = Debug|Any CPU
		{4BFABDC5-D1C4-4535-86B5-F837EF285620}.Release|Any CPU.ActiveCfg = Release|Any CPU
		{4BFABDC5-D1C4-4535-86B5-F837EF285620}.Release|Any CPU.Build.0 = Release|Any CPU
	EndGlobalSection
EndGlobal
